// !$*UTF8*$!
{
	archiveVersion = 1;
	classes = {
	};
	objectVersion = 56;
	objects = {

/* Begin PBXBuildFile section */
		F6BDBB552D942F3A00F6D68D /* SearchBarView.swift in Sources */ = {isa = PBXBuildFile; fileRef = F6BDBB522D942F3A00F6D68D /* SearchBarView.swift */; };
		F6BDBB562D942F3A00F6D68D /* TopView.swift in Sources */ = {isa = PBXBuildFile; fileRef = F6BDBB532D942F3A00F6D68D /* TopView.swift */; };
		F6BDBB572D942F3A00F6D68D /* ProductCardView.swift in Sources */ = {isa = PBXBuildFile; fileRef = F6BDBB542D942F3A00F6D68D /* ProductCardView.swift */; };
		F6BFD9E22D935AC200B86301 /* Shapes in Frameworks */ = {isa = PBXBuildFile; productRef = F6BFD9E12D935AC200B86301 /* Shapes */; };
		F6BFD9E52D93697B00B86301 /* SkeletonUI in Frameworks */ = {isa = PBXBuildFile; productRef = F6BFD9E42D93697B00B86301 /* SkeletonUI */; };
		F6C689722D932BBA00F75DC0 /* CachingServices.swift in Sources */ = {isa = PBXBuildFile; fileRef = F6C689712D932BBA00F75DC0 /* CachingServices.swift */; };
		F6C689742D93483E00F75DC0 /* NetworkManager.swift in Sources */ = {isa = PBXBuildFile; fileRef = F6C689732D93483E00F75DC0 /* NetworkManager.swift */; };
		F6C689772D934BCE00F75DC0 /* Reachability in Frameworks */ = {isa = PBXBuildFile; productRef = F6C689762D934BCE00F75DC0 /* Reachability */; };
		F6D22E6B2D92E1B10050FB7B /* Alamofire in Frameworks */ = {isa = PBXBuildFile; productRef = F6D22E6A2D92E1B10050FB7B /* Alamofire */; };
		F6D22E702D92E2FF0050FB7B /* AllProductsVM.swift in Sources */ = {isa = PBXBuildFile; fileRef = F6D22E6F2D92E2FF0050FB7B /* AllProductsVM.swift */; };
		F6D22E722D92E87C0050FB7B /* ProductsModel.swift in Sources */ = {isa = PBXBuildFile; fileRef = F6D22E712D92E87C0050FB7B /* ProductsModel.swift */; };
		F6D22E742D92F6690050FB7B /* ImageView.swift in Sources */ = {isa = PBXBuildFile; fileRef = F6D22E732D92F6690050FB7B /* ImageView.swift */; };
		F6DBBA6C2D9200C000BD971C /* AppDelegate.swift in Sources */ = {isa = PBXBuildFile; fileRef = F6DBBA6B2D9200C000BD971C /* AppDelegate.swift */; };
		F6DBBA6E2D9200C000BD971C /* SceneDelegate.swift in Sources */ = {isa = PBXBuildFile; fileRef = F6DBBA6D2D9200C000BD971C /* SceneDelegate.swift */; };
		F6DBBA732D9200C000BD971C /* Main.storyboard in Resources */ = {isa = PBXBuildFile; fileRef = F6DBBA712D9200C000BD971C /* Main.storyboard */; };
		F6DBBA762D9200C000BD971C /* TRU_Task.xcdatamodeld in Sources */ = {isa = PBXBuildFile; fileRef = F6DBBA742D9200C000BD971C /* TRU_Task.xcdatamodeld */; };
		F6DBBA782D9200C200BD971C /* Assets.xcassets in Resources */ = {isa = PBXBuildFile; fileRef = F6DBBA772D9200C200BD971C /* Assets.xcassets */; };
		F6DBBA7B2D9200C200BD971C /* LaunchScreen.storyboard in Resources */ = {isa = PBXBuildFile; fileRef = F6DBBA792D9200C200BD971C /* LaunchScreen.storyboard */; };
		F6DBBA892D92052000BD971C /* AllProductsCV.swift in Sources */ = {isa = PBXBuildFile; fileRef = F6DBBA882D92052000BD971C /* AllProductsCV.swift */; };
		F6DBBA8B2D92152100BD971C /* ProductCV.swift in Sources */ = {isa = PBXBuildFile; fileRef = F6DBBA8A2D92152100BD971C /* ProductCV.swift */; };
		F6DBBA8D2D9216A300BD971C /* ContentView.swift in Sources */ = {isa = PBXBuildFile; fileRef = F6DBBA8C2D9216A300BD971C /* ContentView.swift */; };
/* End PBXBuildFile section */

/* Begin PBXFileReference section */
		F6BDBB522D942F3A00F6D68D /* SearchBarView.swift */ = {isa = PBXFileReference; fileEncoding = 4; lastKnownFileType = sourcecode.swift; name = SearchBarView.swift; path = "TRU Task/View/Components/SearchBarView.swift"; sourceTree = SOURCE_ROOT; };
		F6BDBB532D942F3A00F6D68D /* TopView.swift */ = {isa = PBXFileReference; fileEncoding = 4; lastKnownFileType = sourcecode.swift; name = TopView.swift; path = "TRU Task/View/Components/TopView.swift"; sourceTree = SOURCE_ROOT; };
		F6BDBB542D942F3A00F6D68D /* ProductCardView.swift */ = {isa = PBXFileReference; fileEncoding = 4; lastKnownFileType = sourcecode.swift; name = ProductCardView.swift; path = "TRU Task/View/Components/ProductCardView.swift"; sourceTree = SOURCE_ROOT; };
		F6C689712D932BBA00F75DC0 /* CachingServices.swift */ = {isa = PBXFileReference; lastKnownFileType = sourcecode.swift; path = CachingServices.swift; sourceTree = "<group>"; };
		F6C689732D93483E00F75DC0 /* NetworkManager.swift */ = {isa = PBXFileReference; fileEncoding = 4; lastKnownFileType = sourcecode.swift; path = NetworkManager.swift; sourceTree = "<group>"; };
		F6D22E6F2D92E2FF0050FB7B /* AllProductsVM.swift */ = {isa = PBXFileReference; lastKnownFileType = sourcecode.swift; path = AllProductsVM.swift; sourceTree = "<group>"; };
		F6D22E712D92E87C0050FB7B /* ProductsModel.swift */ = {isa = PBXFileReference; lastKnownFileType = sourcecode.swift; path = ProductsModel.swift; sourceTree = "<group>"; };
		F6D22E732D92F6690050FB7B /* ImageView.swift */ = {isa = PBXFileReference; lastKnownFileType = sourcecode.swift; path = ImageView.swift; sourceTree = "<group>"; };
		F6DBBA682D9200C000BD971C /* TRU Task.app */ = {isa = PBXFileReference; explicitFileType = wrapper.application; includeInIndex = 0; path = "TRU Task.app"; sourceTree = BUILT_PRODUCTS_DIR; };
		F6DBBA6B2D9200C000BD971C /* AppDelegate.swift */ = {isa = PBXFileReference; lastKnownFileType = sourcecode.swift; path = AppDelegate.swift; sourceTree = "<group>"; };
		F6DBBA6D2D9200C000BD971C /* SceneDelegate.swift */ = {isa = PBXFileReference; lastKnownFileType = sourcecode.swift; path = SceneDelegate.swift; sourceTree = "<group>"; };
		F6DBBA722D9200C000BD971C /* Base */ = {isa = PBXFileReference; lastKnownFileType = file.storyboard; name = Base; path = Base.lproj/Main.storyboard; sourceTree = "<group>"; };
		F6DBBA752D9200C000BD971C /* TRU_Task.xcdatamodel */ = {isa = PBXFileReference; lastKnownFileType = wrapper.xcdatamodel; path = TRU_Task.xcdatamodel; sourceTree = "<group>"; };
		F6DBBA772D9200C200BD971C /* Assets.xcassets */ = {isa = PBXFileReference; lastKnownFileType = folder.assetcatalog; path = Assets.xcassets; sourceTree = "<group>"; };
		F6DBBA7A2D9200C200BD971C /* Base */ = {isa = PBXFileReference; lastKnownFileType = file.storyboard; name = Base; path = Base.lproj/LaunchScreen.storyboard; sourceTree = "<group>"; };
		F6DBBA7C2D9200C200BD971C /* Info.plist */ = {isa = PBXFileReference; lastKnownFileType = text.plist.xml; path = Info.plist; sourceTree = "<group>"; };
		F6DBBA882D92052000BD971C /* AllProductsCV.swift */ = {isa = PBXFileReference; lastKnownFileType = sourcecode.swift; path = AllProductsCV.swift; sourceTree = "<group>"; };
		F6DBBA8A2D92152100BD971C /* ProductCV.swift */ = {isa = PBXFileReference; lastKnownFileType = sourcecode.swift; path = ProductCV.swift; sourceTree = "<group>"; };
		F6DBBA8C2D9216A300BD971C /* ContentView.swift */ = {isa = PBXFileReference; lastKnownFileType = sourcecode.swift; path = ContentView.swift; sourceTree = "<group>"; };
/* End PBXFileReference section */

/* Begin PBXFrameworksBuildPhase section */
		F6DBBA652D9200C000BD971C /* Frameworks */ = {
			isa = PBXFrameworksBuildPhase;
			buildActionMask = 2147483647;
			files = (
				F6D22E6B2D92E1B10050FB7B /* Alamofire in Frameworks */,
				F6BFD9E52D93697B00B86301 /* SkeletonUI in Frameworks */,
				F6BFD9E22D935AC200B86301 /* Shapes in Frameworks */,
				F6C689772D934BCE00F75DC0 /* Reachability in Frameworks */,
			);
			runOnlyForDeploymentPostprocessing = 0;
		};
/* End PBXFrameworksBuildPhase section */

/* Begin PBXGroup section */
		F6C689702D932B9E00F75DC0 /* CoreData */ = {
			isa = PBXGroup;
			children = (
				F6DBBA742D9200C000BD971C /* TRU_Task.xcdatamodeld */,
				F6C689712D932BBA00F75DC0 /* CachingServices.swift */,
			);
			path = CoreData;
			sourceTree = "<group>";
		};
		F6D22E6E2D92E2DF0050FB7B /* AllProducts */ = {
			isa = PBXGroup;
			children = (
				F6BDBB532D942F3A00F6D68D /* TopView.swift */,
				F6BDBB522D942F3A00F6D68D /* SearchBarView.swift */,
				F6BDBB542D942F3A00F6D68D /* ProductCardView.swift */,
				F6DBBA882D92052000BD971C /* AllProductsCV.swift */,
				F6D22E6F2D92E2FF0050FB7B /* AllProductsVM.swift */,
			);
			path = AllProducts;
			sourceTree = "<group>";
		};
		F6DBBA5F2D9200BF00BD971C = {
			isa = PBXGroup;
			children = (
				F6DBBA6A2D9200C000BD971C /* TRU Task */,
				F6DBBA692D9200C000BD971C /* Products */,
			);
			sourceTree = "<group>";
		};
		F6DBBA692D9200C000BD971C /* Products */ = {
			isa = PBXGroup;
			children = (
				F6DBBA682D9200C000BD971C /* TRU Task.app */,
			);
			name = Products;
			sourceTree = "<group>";
		};
		F6DBBA6A2D9200C000BD971C /* TRU Task */ = {
			isa = PBXGroup;
			children = (
				F6DBBA822D92047100BD971C /* App Manager */,
				F6C689702D932B9E00F75DC0 /* CoreData */,
				F6DBBA842D9204AE00BD971C /* Networking */,
				F6DBBA832D92048D00BD971C /* Assets */,
				F6DBBA852D9204B800BD971C /* UI + Ext */,
				F6DBBA872D9204C900BD971C /* Model */,
				F6DBBA862D9204C200BD971C /* View */,
				F6DBBA7C2D9200C200BD971C /* Info.plist */,
			);
			path = "TRU Task";
			sourceTree = "<group>";
		};
		F6DBBA822D92047100BD971C /* App Manager */ = {
			isa = PBXGroup;
			children = (
				F6DBBA6B2D9200C000BD971C /* AppDelegate.swift */,
				F6DBBA6D2D9200C000BD971C /* SceneDelegate.swift */,
			);
			path = "App Manager";
			sourceTree = "<group>";
		};
		F6DBBA832D92048D00BD971C /* Assets */ = {
			isa = PBXGroup;
			children = (
				F6DBBA772D9200C200BD971C /* Assets.xcassets */,
				F6DBBA712D9200C000BD971C /* Main.storyboard */,
				F6DBBA792D9200C200BD971C /* LaunchScreen.storyboard */,
			);
			path = Assets;
			sourceTree = "<group>";
		};
		F6DBBA842D9204AE00BD971C /* Networking */ = {
			isa = PBXGroup;
			children = (
				F6C689732D93483E00F75DC0 /* NetworkManager.swift */,
			);
			path = Networking;
			sourceTree = "<group>";
		};
		F6DBBA852D9204B800BD971C /* UI + Ext */ = {
			isa = PBXGroup;
			children = (
				F6D22E732D92F6690050FB7B /* ImageView.swift */,
			);
			path = "UI + Ext";
			sourceTree = "<group>";
		};
		F6DBBA862D9204C200BD971C /* View */ = {
			isa = PBXGroup;
			children = (
				F6DBBA8C2D9216A300BD971C /* ContentView.swift */,
				F6D22E6E2D92E2DF0050FB7B /* AllProducts */,
				F6DBBA8A2D92152100BD971C /* ProductCV.swift */,
			);
			path = View;
			sourceTree = "<group>";
		};
		F6DBBA872D9204C900BD971C /* Model */ = {
			isa = PBXGroup;
			children = (
				F6D22E712D92E87C0050FB7B /* ProductsModel.swift */,
			);
			path = Model;
			sourceTree = "<group>";
		};
/* End PBXGroup section */

/* Begin PBXNativeTarget section */
		F6DBBA672D9200C000BD971C /* TRU Task */ = {
			isa = PBXNativeTarget;
			buildConfigurationList = F6DBBA7F2D9200C200BD971C /* Build configuration list for PBXNativeTarget "TRU Task" */;
			buildPhases = (
				F6DBBA642D9200C000BD971C /* Sources */,
				F6DBBA652D9200C000BD971C /* Frameworks */,
				F6DBBA662D9200C000BD971C /* Resources */,
			);
			buildRules = (
			);
			dependencies = (
			);
			name = "TRU Task";
			packageProductDependencies = (
				F6D22E6A2D92E1B10050FB7B /* Alamofire */,
				F6C689762D934BCE00F75DC0 /* Reachability */,
				F6BFD9E12D935AC200B86301 /* Shapes */,
				F6BFD9E42D93697B00B86301 /* SkeletonUI */,
			);
			productName = "TRU Task";
			productReference = F6DBBA682D9200C000BD971C /* TRU Task.app */;
			productType = "com.apple.product-type.application";
		};
/* End PBXNativeTarget section */

/* Begin PBXProject section */
		F6DBBA602D9200BF00BD971C /* Project object */ = {
			isa = PBXProject;
			attributes = {
				BuildIndependentTargetsInParallel = 1;
				LastSwiftUpdateCheck = 1420;
				LastUpgradeCheck = 1420;
				TargetAttributes = {
					F6DBBA672D9200C000BD971C = {
						CreatedOnToolsVersion = 14.2;
					};
				};
			};
			buildConfigurationList = F6DBBA632D9200BF00BD971C /* Build configuration list for PBXProject "TRU Task" */;
			compatibilityVersion = "Xcode 14.0";
			developmentRegion = en;
			hasScannedForEncodings = 0;
			knownRegions = (
				en,
				Base,
			);
			mainGroup = F6DBBA5F2D9200BF00BD971C;
			packageReferences = (
				F6D22E692D92E1B10050FB7B /* XCRemoteSwiftPackageReference "Alamofire" */,
				F6C689752D934BCE00F75DC0 /* XCRemoteSwiftPackageReference "Reachability" */,
				F6BFD9E02D935AC200B86301 /* XCRemoteSwiftPackageReference "Shapes" */,
				F6BFD9E32D93697B00B86301 /* XCRemoteSwiftPackageReference "SkeletonUI" */,
			);
			productRefGroup = F6DBBA692D9200C000BD971C /* Products */;
			projectDirPath = "";
			projectRoot = "";
			targets = (
				F6DBBA672D9200C000BD971C /* TRU Task */,
			);
		};
/* End PBXProject section */

/* Begin PBXResourcesBuildPhase section */
		F6DBBA662D9200C000BD971C /* Resources */ = {
			isa = PBXResourcesBuildPhase;
			buildActionMask = 2147483647;
			files = (
				F6DBBA7B2D9200C200BD971C /* LaunchScreen.storyboard in Resources */,
				F6DBBA782D9200C200BD971C /* Assets.xcassets in Resources */,
				F6DBBA732D9200C000BD971C /* Main.storyboard in Resources */,
			);
			runOnlyForDeploymentPostprocessing = 0;
		};
/* End PBXResourcesBuildPhase section */

/* Begin PBXSourcesBuildPhase section */
		F6DBBA642D9200C000BD971C /* Sources */ = {
			isa = PBXSourcesBuildPhase;
			buildActionMask = 2147483647;
			files = (
				F6BDBB562D942F3A00F6D68D /* TopView.swift in Sources */,
				F6DBBA6C2D9200C000BD971C /* AppDelegate.swift in Sources */,
				F6DBBA8B2D92152100BD971C /* ProductCV.swift in Sources */,
				F6DBBA8D2D9216A300BD971C /* ContentView.swift in Sources */,
				F6D22E722D92E87C0050FB7B /* ProductsModel.swift in Sources */,
				F6BDBB552D942F3A00F6D68D /* SearchBarView.swift in Sources */,
				F6BDBB572D942F3A00F6D68D /* ProductCardView.swift in Sources */,
				F6C689742D93483E00F75DC0 /* NetworkManager.swift in Sources */,
				F6DBBA892D92052000BD971C /* AllProductsCV.swift in Sources */,
				F6DBBA762D9200C000BD971C /* TRU_Task.xcdatamodeld in Sources */,
				F6D22E742D92F6690050FB7B /* ImageView.swift in Sources */,
				F6D22E702D92E2FF0050FB7B /* AllProductsVM.swift in Sources */,
				F6DBBA6E2D9200C000BD971C /* SceneDelegate.swift in Sources */,
				F6C689722D932BBA00F75DC0 /* CachingServices.swift in Sources */,
			);
			runOnlyForDeploymentPostprocessing = 0;
		};
/* End PBXSourcesBuildPhase section */

/* Begin PBXVariantGroup section */
		F6DBBA712D9200C000BD971C /* Main.storyboard */ = {
			isa = PBXVariantGroup;
			children = (
				F6DBBA722D9200C000BD971C /* Base */,
			);
			name = Main.storyboard;
			sourceTree = "<group>";
		};
		F6DBBA792D9200C200BD971C /* LaunchScreen.storyboard */ = {
			isa = PBXVariantGroup;
			children = (
				F6DBBA7A2D9200C200BD971C /* Base */,
			);
			name = LaunchScreen.storyboard;
			sourceTree = "<group>";
		};
/* End PBXVariantGroup section */

/* Begin XCBuildConfiguration section */
		F6DBBA7D2D9200C200BD971C /* Debug */ = {
			isa = XCBuildConfiguration;
			buildSettings = {
				ALWAYS_SEARCH_USER_PATHS = NO;
				CLANG_ANALYZER_NONNULL = YES;
				CLANG_ANALYZER_NUMBER_OBJECT_CONVERSION = YES_AGGRESSIVE;
				CLANG_CXX_LANGUAGE_STANDARD = "gnu++20";
				CLANG_ENABLE_MODULES = YES;
				CLANG_ENABLE_OBJC_ARC = YES;
				CLANG_ENABLE_OBJC_WEAK = YES;
				CLANG_WARN_BLOCK_CAPTURE_AUTORELEASING = YES;
				CLANG_WARN_BOOL_CONVERSION = YES;
				CLANG_WARN_COMMA = YES;
				CLANG_WARN_CONSTANT_CONVERSION = YES;
				CLANG_WARN_DEPRECATED_OBJC_IMPLEMENTATIONS = YES;
				CLANG_WARN_DIRECT_OBJC_ISA_USAGE = YES_ERROR;
				CLANG_WARN_DOCUMENTATION_COMMENTS = YES;
				CLANG_WARN_EMPTY_BODY = YES;
				CLANG_WARN_ENUM_CONVERSION = YES;
				CLANG_WARN_INFINITE_RECURSION = YES;
				CLANG_WARN_INT_CONVERSION = YES;
				CLANG_WARN_NON_LITERAL_NULL_CONVERSION = YES;
				CLANG_WARN_OBJC_IMPLICIT_RETAIN_SELF = YES;
				CLANG_WARN_OBJC_LITERAL_CONVERSION = YES;
				CLANG_WARN_OBJC_ROOT_CLASS = YES_ERROR;
				CLANG_WARN_QUOTED_INCLUDE_IN_FRAMEWORK_HEADER = YES;
				CLANG_WARN_RANGE_LOOP_ANALYSIS = YES;
				CLANG_WARN_STRICT_PROTOTYPES = YES;
				CLANG_WARN_SUSPICIOUS_MOVE = YES;
				CLANG_WARN_UNGUARDED_AVAILABILITY = YES_AGGRESSIVE;
				CLANG_WARN_UNREACHABLE_CODE = YES;
				CLANG_WARN__DUPLICATE_METHOD_MATCH = YES;
				COPY_PHASE_STRIP = NO;
				DEBUG_INFORMATION_FORMAT = dwarf;
				ENABLE_STRICT_OBJC_MSGSEND = YES;
				ENABLE_TESTABILITY = YES;
				GCC_C_LANGUAGE_STANDARD = gnu11;
				GCC_DYNAMIC_NO_PIC = NO;
				GCC_NO_COMMON_BLOCKS = YES;
				GCC_OPTIMIZATION_LEVEL = 0;
				GCC_PREPROCESSOR_DEFINITIONS = (
					"DEBUG=1",
					"$(inherited)",
				);
				GCC_WARN_64_TO_32_BIT_CONVERSION = YES;
				GCC_WARN_ABOUT_RETURN_TYPE = YES_ERROR;
				GCC_WARN_UNDECLARED_SELECTOR = YES;
				GCC_WARN_UNINITIALIZED_AUTOS = YES_AGGRESSIVE;
				GCC_WARN_UNUSED_FUNCTION = YES;
				GCC_WARN_UNUSED_VARIABLE = YES;
				IPHONEOS_DEPLOYMENT_TARGET = 16.2;
				MTL_ENABLE_DEBUG_INFO = INCLUDE_SOURCE;
				MTL_FAST_MATH = YES;
				ONLY_ACTIVE_ARCH = YES;
				SDKROOT = iphoneos;
				SWIFT_ACTIVE_COMPILATION_CONDITIONS = DEBUG;
				SWIFT_OPTIMIZATION_LEVEL = "-Onone";
			};
			name = Debug;
		};
		F6DBBA7E2D9200C200BD971C /* Release */ = {
			isa = XCBuildConfiguration;
			buildSettings = {
				ALWAYS_SEARCH_USER_PATHS = NO;
				CLANG_ANALYZER_NONNULL = YES;
				CLANG_ANALYZER_NUMBER_OBJECT_CONVERSION = YES_AGGRESSIVE;
				CLANG_CXX_LANGUAGE_STANDARD = "gnu++20";
				CLANG_ENABLE_MODULES = YES;
				CLANG_ENABLE_OBJC_ARC = YES;
				CLANG_ENABLE_OBJC_WEAK = YES;
				CLANG_WARN_BLOCK_CAPTURE_AUTORELEASING = YES;
				CLANG_WARN_BOOL_CONVERSION = YES;
				CLANG_WARN_COMMA = YES;
				CLANG_WARN_CONSTANT_CONVERSION = YES;
				CLANG_WARN_DEPRECATED_OBJC_IMPLEMENTATIONS = YES;
				CLANG_WARN_DIRECT_OBJC_ISA_USAGE = YES_ERROR;
				CLANG_WARN_DOCUMENTATION_COMMENTS = YES;
				CLANG_WARN_EMPTY_BODY = YES;
				CLANG_WARN_ENUM_CONVERSION = YES;
				CLANG_WARN_INFINITE_RECURSION = YES;
				CLANG_WARN_INT_CONVERSION = YES;
				CLANG_WARN_NON_LITERAL_NULL_CONVERSION = YES;
				CLANG_WARN_OBJC_IMPLICIT_RETAIN_SELF = YES;
				CLANG_WARN_OBJC_LITERAL_CONVERSION = YES;
				CLANG_WARN_OBJC_ROOT_CLASS = YES_ERROR;
				CLANG_WARN_QUOTED_INCLUDE_IN_FRAMEWORK_HEADER = YES;
				CLANG_WARN_RANGE_LOOP_ANALYSIS = YES;
				CLANG_WARN_STRICT_PROTOTYPES = YES;
				CLANG_WARN_SUSPICIOUS_MOVE = YES;
				CLANG_WARN_UNGUARDED_AVAILABILITY = YES_AGGRESSIVE;
				CLANG_WARN_UNREACHABLE_CODE = YES;
				CLANG_WARN__DUPLICATE_METHOD_MATCH = YES;
				COPY_PHASE_STRIP = NO;
				DEBUG_INFORMATION_FORMAT = "dwarf-with-dsym";
				ENABLE_NS_ASSERTIONS = NO;
				ENABLE_STRICT_OBJC_MSGSEND = YES;
				GCC_C_LANGUAGE_STANDARD = gnu11;
				GCC_NO_COMMON_BLOCKS = YES;
				GCC_WARN_64_TO_32_BIT_CONVERSION = YES;
				GCC_WARN_ABOUT_RETURN_TYPE = YES_ERROR;
				GCC_WARN_UNDECLARED_SELECTOR = YES;
				GCC_WARN_UNINITIALIZED_AUTOS = YES_AGGRESSIVE;
				GCC_WARN_UNUSED_FUNCTION = YES;
				GCC_WARN_UNUSED_VARIABLE = YES;
				IPHONEOS_DEPLOYMENT_TARGET = 16.2;
				MTL_ENABLE_DEBUG_INFO = NO;
				MTL_FAST_MATH = YES;
				SDKROOT = iphoneos;
				SWIFT_COMPILATION_MODE = wholemodule;
				SWIFT_OPTIMIZATION_LEVEL = "-O";
				VALIDATE_PRODUCT = YES;
			};
			name = Release;
		};
		F6DBBA802D9200C200BD971C /* Debug */ = {
			isa = XCBuildConfiguration;
			buildSettings = {
				ASSETCATALOG_COMPILER_APPICON_NAME = AppIcon;
				ASSETCATALOG_COMPILER_GLOBAL_ACCENT_COLOR_NAME = AccentColor;
				CODE_SIGN_STYLE = Automatic;
				CURRENT_PROJECT_VERSION = 1;
				DEVELOPMENT_TEAM = Z436UX6MK6;
				GENERATE_INFOPLIST_FILE = YES;
				INFOPLIST_FILE = "TRU Task/Info.plist";
				INFOPLIST_KEY_UIApplicationSupportsIndirectInputEvents = YES;
				INFOPLIST_KEY_UILaunchStoryboardName = LaunchScreen;
				INFOPLIST_KEY_UIMainStoryboardFile = Main;
				INFOPLIST_KEY_UISupportedInterfaceOrientations_iPad = "UIInterfaceOrientationPortrait UIInterfaceOrientationPortraitUpsideDown UIInterfaceOrientationLandscapeLeft UIInterfaceOrientationLandscapeRight";
				INFOPLIST_KEY_UISupportedInterfaceOrientations_iPhone = "UIInterfaceOrientationPortrait UIInterfaceOrientationLandscapeLeft UIInterfaceOrientationLandscapeRight";
				LD_RUNPATH_SEARCH_PATHS = (
					"$(inherited)",
					"@executable_path/Frameworks",
				);
				MARKETING_VERSION = 1.0;
				PRODUCT_BUNDLE_IDENTIFIER = "com.app.TRUTaskSwift.TRU-Task";
				PRODUCT_NAME = "$(TARGET_NAME)";
				SWIFT_EMIT_LOC_STRINGS = YES;
				SWIFT_VERSION = 5.0;
				TARGETED_DEVICE_FAMILY = "1,2";
			};
			name = Debug;
		};
		F6DBBA812D9200C200BD971C /* Release */ = {
			isa = XCBuildConfiguration;
			buildSettings = {
				ASSETCATALOG_COMPILER_APPICON_NAME = AppIcon;
				ASSETCATALOG_COMPILER_GLOBAL_ACCENT_COLOR_NAME = AccentColor;
				CODE_SIGN_STYLE = Automatic;
				CURRENT_PROJECT_VERSION = 1;
				DEVELOPMENT_TEAM = Z436UX6MK6;
				GENERATE_INFOPLIST_FILE = YES;
				INFOPLIST_FILE = "TRU Task/Info.plist";
				INFOPLIST_KEY_UIApplicationSupportsIndirectInputEvents = YES;
				INFOPLIST_KEY_UILaunchStoryboardName = LaunchScreen;
				INFOPLIST_KEY_UIMainStoryboardFile = Main;
				INFOPLIST_KEY_UISupportedInterfaceOrientations_iPad = "UIInterfaceOrientationPortrait UIInterfaceOrientationPortraitUpsideDown UIInterfaceOrientationLandscapeLeft UIInterfaceOrientationLandscapeRight";
				INFOPLIST_KEY_UISupportedInterfaceOrientations_iPhone = "UIInterfaceOrientationPortrait UIInterfaceOrientationLandscapeLeft UIInterfaceOrientationLandscapeRight";
				LD_RUNPATH_SEARCH_PATHS = (
					"$(inherited)",
					"@executable_path/Frameworks",
				);
				MARKETING_VERSION = 1.0;
				PRODUCT_BUNDLE_IDENTIFIER = "com.app.TRUTaskSwift.TRU-Task";
				PRODUCT_NAME = "$(TARGET_NAME)";
				SWIFT_EMIT_LOC_STRINGS = YES;
				SWIFT_VERSION = 5.0;
				TARGETED_DEVICE_FAMILY = "1,2";
			};
			name = Release;
		};
/* End XCBuildConfiguration section */

/* Begin XCConfigurationList section */
		F6DBBA632D9200BF00BD971C /* Build configuration list for PBXProject "TRU Task" */ = {
			isa = XCConfigurationList;
			buildConfigurations = (
				F6DBBA7D2D9200C200BD971C /* Debug */,
				F6DBBA7E2D9200C200BD971C /* Release */,
			);
			defaultConfigurationIsVisible = 0;
			defaultConfigurationName = Release;
		};
		F6DBBA7F2D9200C200BD971C /* Build configuration list for PBXNativeTarget "TRU Task" */ = {
			isa = XCConfigurationList;
			buildConfigurations = (
				F6DBBA802D9200C200BD971C /* Debug */,
				F6DBBA812D9200C200BD971C /* Release */,
			);
			defaultConfigurationIsVisible = 0;
			defaultConfigurationName = Release;
		};
/* End XCConfigurationList section */

/* Begin XCRemoteSwiftPackageReference section */
		F6BFD9E02D935AC200B86301 /* XCRemoteSwiftPackageReference "Shapes" */ = {
			isa = XCRemoteSwiftPackageReference;
			repositoryURL = "https://github.com/c-villain/Shapes";
			requirement = {
				kind = upToNextMajorVersion;
				minimumVersion = 0.2.1;
			};
		};
		F6BFD9E32D93697B00B86301 /* XCRemoteSwiftPackageReference "SkeletonUI" */ = {
			isa = XCRemoteSwiftPackageReference;
			repositoryURL = "https://github.com/CSolanaM/SkeletonUI.git";
			requirement = {
				branch = master;
				kind = branch;
			};
		};
		F6C689752D934BCE00F75DC0 /* XCRemoteSwiftPackageReference "Reachability" */ = {
			isa = XCRemoteSwiftPackageReference;
			repositoryURL = "https://github.com/ashleymills/Reachability.swift";
			requirement = {
				branch = master;
				kind = branch;
			};
		};
		F6D22E692D92E1B10050FB7B /* XCRemoteSwiftPackageReference "Alamofire" */ = {
			isa = XCRemoteSwiftPackageReference;
			repositoryURL = "https://github.com/Alamofire/Alamofire.git";
			requirement = {
				kind = upToNextMajorVersion;
				minimumVersion = 5.0.0;
			};
		};
/* End XCRemoteSwiftPackageReference section */

/* Begin XCSwiftPackageProductDependency section */
		F6BFD9E12D935AC200B86301 /* Shapes */ = {
			isa = XCSwiftPackageProductDependency;
			package = F6BFD9E02D935AC200B86301 /* XCRemoteSwiftPackageReference "Shapes" */;
			productName = Shapes;
		};
		F6BFD9E42D93697B00B86301 /* SkeletonUI */ = {
			isa = XCSwiftPackageProductDependency;
			package = F6BFD9E32D93697B00B86301 /* XCRemoteSwiftPackageReference "SkeletonUI" */;
			productName = SkeletonUI;
		};
		F6C689762D934BCE00F75DC0 /* Reachability */ = {
			isa = XCSwiftPackageProductDependency;
			package = F6C689752D934BCE00F75DC0 /* XCRemoteSwiftPackageReference "Reachability" */;
			productName = Reachability;
		};
		F6D22E6A2D92E1B10050FB7B /* Alamofire */ = {
			isa = XCSwiftPackageProductDependency;
			package = F6D22E692D92E1B10050FB7B /* XCRemoteSwiftPackageReference "Alamofire" */;
			productName = Alamofire;
		};
/* End XCSwiftPackageProductDependency section */

/* Begin XCVersionGroup section */
		F6DBBA742D9200C000BD971C /* TRU_Task.xcdatamodeld */ = {
			isa = XCVersionGroup;
			children = (
				F6DBBA752D9200C000BD971C /* TRU_Task.xcdatamodel */,
			);
			currentVersion = F6DBBA752D9200C000BD971C /* TRU_Task.xcdatamodel */;
			path = TRU_Task.xcdatamodeld;
			sourceTree = "<group>";
			versionGroupType = wrapper.xcdatamodel;
		};
/* End XCVersionGroup section */
	};
	rootObject = F6DBBA602D9200BF00BD971C /* Project object */;
}
